
Microsoft Visual Studio Solution File, Format Version 12.00
# Visual Studio 14
VisualStudioVersion = 14.0.23107.0
MinimumVisualStudioVersion = 10.0.40219.1
Project("{FAE04EC0-301F-11D3-BF4B-00C04F79EFBC}") = "Task_1", "Task_1\Task_1.csproj", "{43D6C252-D5A2-45DB-BDDC-C87D7D6DEEAD}"
EndProject
Project("{FAE04EC0-301F-11D3-BF4B-00C04F79EFBC}") = "Task_1Tests", "Task_1Tests\Task_1Tests.csproj", "{D0A6ADE6-2BA6-4108-8561-E098B4FDA4F1}"
EndProject
Global
	GlobalSection(SolutionConfigurationPlatforms) = preSolution
		Debug|Any CPU = Debug|Any CPU
		Release|Any CPU = Release|Any CPU
	EndGlobalSection
	GlobalSection(ProjectConfigurationPlatforms) = postSolution
		{43D6C252-D5A2-45DB-BDDC-C87D7D6DEEAD}.Debug|Any CPU.ActiveCfg = Debug|Any CPU
		{43D6C252-D5A2-45DB-BDDC-C87D7D6DEEAD}.Debug|Any CPU.Build.0 = Debug|Any CPU
		{43D6C252-D5A2-45DB-BDDC-C87D7D6DEEAD}.Release|Any CPU.ActiveCfg = Release|Any CPU
		{43D6C252-D5A2-45DB-BDDC-C87D7D6DEEAD}.Release|Any CPU.Build.0 = Release|Any CPU
		{D0A6ADE6-2BA6-4108-8561-E098B4FDA4F1}.Debug|Any CPU.ActiveCfg = Debug|Any CPU
		{D0A6ADE6-2BA6-4108-8561-E098B4FDA4F1}.Debug|Any CPU.Build.0 = Debug|Any CPU
		{D0A6ADE6-2BA6-4108-8561-E098B4FDA4F1}.Release|Any CPU.ActiveCfg = Release|Any CPU
		{D0A6ADE6-2BA6-4108-8561-E098B4FDA4F1}.Release|Any CPU.Build.0 = Release|Any CPU
	EndGlobalSection
	GlobalSection(SolutionProperties) = preSolution
		HideSolutionNode = FALSE
	EndGlobalSection
EndGlobal
